<?xml version="1.0" encoding="utf-8"?>
<Project ToolsVersion="4.0" xmlns="http://schemas.microsoft.com/developer/msbuild/2003">
  <ItemGroup>
    <Filter Include="Source Files">
      <UniqueIdentifier>{4FC737F1-C7A5-4376-A066-2A32D752A2FF}</UniqueIdentifier>
      <Extensions>cpp;c;cc;cxx;def;odl;idl;hpj;bat;asm;asmx</Extensions>
    </Filter>
    <Filter Include="Header Files">
      <UniqueIdentifier>{93995380-89BD-4b04-88EB-625FBE52EBFB}</UniqueIdentifier>
      <Extensions>h;hh;hpp;hxx;hm;inl;inc;xsd</Extensions>
    </Filter>
    <Filter Include="Resource Files">
      <UniqueIdentifier>{67DA6AB6-F800-4c08-8B7A-83BB121AAD01}</UniqueIdentifier>
      <Extensions>rc;ico;cur;bmp;dlg;rc2;rct;bin;rgs;gif;jpg;jpeg;jpe;resx;tiff;tif;png;wav;mfcribbon-ms</Extensions>
    </Filter>
    <Filter Include="Source Files\Cartoon Rendering">
      <UniqueIdentifier>{21901ff5-a68e-4fa0-946f-17b74bcbb877}</UniqueIdentifier>
    </Filter>
    <Filter Include="Source Files\Scene">
      <UniqueIdentifier>{14e64a0d-8012-4e55-82db-eec4ae181b3c}</UniqueIdentifier>
    </Filter>
    <Filter Include="Source Files\Tools">
      <UniqueIdentifier>{66368127-8c6f-4fd9-9460-44b8a86e5069}</UniqueIdentifier>
    </Filter>
  </ItemGroup>
  <ItemGroup>
    <ClCompile Include="App1.cpp">
      <Filter>Source Files</Filter>
    </ClCompile>
    <ClCompile Include="Main.cpp">
      <Filter>Source Files</Filter>
    </ClCompile>
    <ClCompile Include="ColourTriangle.cpp">
      <Filter>Source Files</Filter>
    </ClCompile>
    <ClCompile Include="GreyScale.cpp">
      <Filter>Source Files</Filter>
    </ClCompile>
    <ClCompile Include="BilateralFilter.cpp">
      <Filter>Source Files\Cartoon Rendering</Filter>
    </ClCompile>
    <ClCompile Include="CartoonRendering.cpp">
      <Filter>Source Files\Cartoon Rendering</Filter>
    </ClCompile>
    <ClCompile Include="ColourQuantization.cpp">
      <Filter>Source Files\Cartoon Rendering</Filter>
    </ClCompile>
    <ClCompile Include="DifferenceOfGuassian.cpp">
      <Filter>Source Files\Cartoon Rendering</Filter>
    </ClCompile>
    <ClCompile Include="DoG_via_FlowCurve.cpp">
      <Filter>Source Files\Cartoon Rendering</Filter>
    </ClCompile>
    <ClCompile Include="FlowCurve.cpp">
      <Filter>Source Files\Cartoon Rendering</Filter>
    </ClCompile>
    <ClCompile Include="HorizontalBlur.cpp">
      <Filter>Source Files\Cartoon Rendering</Filter>
    </ClCompile>
    <ClCompile Include="PaperShader.cpp">
      <Filter>Source Files\Cartoon Rendering</Filter>
    </ClCompile>
    <ClCompile Include="StructureTensor.cpp">
      <Filter>Source Files\Cartoon Rendering</Filter>
    </ClCompile>
    <ClCompile Include="VerticalBlur.cpp">
      <Filter>Source Files\Cartoon Rendering</Filter>
    </ClCompile>
    <ClCompile Include="TextureShader.cpp">
      <Filter>Source Files\Scene</Filter>
    </ClCompile>
    <ClCompile Include="Skybox.cpp">
      <Filter>Source Files\Scene</Filter>
    </ClCompile>
    <ClCompile Include="OceanShader.cpp">
      <Filter>Source Files\Scene</Filter>
    </ClCompile>
    <ClCompile Include="MovementShader.cpp">
      <Filter>Source Files\Scene</Filter>
    </ClCompile>
    <ClCompile Include="CompSlider.cpp">
      <Filter>Source Files\Tools</Filter>
    </ClCompile>
    <ClCompile Include="DepthShader.cpp">
      <Filter>Source Files</Filter>
    </ClCompile>
  </ItemGroup>
  <ItemGroup>
    <ClInclude Include="App1.h">
      <Filter>Header Files</Filter>
    </ClInclude>
    <ClInclude Include="TextureShader.h">
      <Filter>Header Files</Filter>
    </ClInclude>
    <ClInclude Include="ColourTriangle.h">
      <Filter>Header Files</Filter>
    </ClInclude>
    <ClInclude Include="GreyScale.h">
      <Filter>Header Files</Filter>
    </ClInclude>
    <ClInclude Include="CompSlider.h">
      <Filter>Header Files</Filter>
    </ClInclude>
    <ClInclude Include="MovementShader.h">
      <Filter>Header Files</Filter>
    </ClInclude>
    <ClInclude Include="StructureTensor.h">
      <Filter>Header Files</Filter>
    </ClInclude>
    <ClInclude Include="Skybox.h">
      <Filter>Header Files</Filter>
    </ClInclude>
    <ClInclude Include="OceanShader.h">
      <Filter>Header Files</Filter>
    </ClInclude>
    <ClInclude Include="HorizontalBlur.h">
      <Filter>Header Files</Filter>
    </ClInclude>
    <ClInclude Include="VerticalBlur.h">
      <Filter>Header Files</Filter>
    </ClInclude>
    <ClInclude Include="BilateralFilter.h">
      <Filter>Header Files</Filter>
    </ClInclude>
    <ClInclude Include="DifferenceOfGuassian.h">
      <Filter>Header Files</Filter>
    </ClInclude>
    <ClInclude Include="FlowCurve.h">
      <Filter>Header Files</Filter>
    </ClInclude>
    <ClInclude Include="DoG_via_FlowCurve.h">
      <Filter>Header Files</Filter>
    </ClInclude>
    <ClInclude Include="ColourQuantization.h">
      <Filter>Header Files</Filter>
    </ClInclude>
    <ClInclude Include="CartoonRendering.h">
      <Filter>Header Files</Filter>
    </ClInclude>
    <ClInclude Include="PaperShader.h">
      <Filter>Header Files</Filter>
    </ClInclude>
    <ClInclude Include="DepthShader.h">
      <Filter>Header Files</Filter>
    </ClInclude>
  </ItemGroup>
  <ItemGroup>
    <FxCompile Include="shaders\texture_ps.hlsl">
      <Filter>Resource Files</Filter>
    </FxCompile>
    <FxCompile Include="shaders\texture_vs.hlsl">
      <Filter>Resource Files</Filter>
    </FxCompile>
    <FxCompile Include="greyscale_vs.hlsl">
      <Filter>Resource Files</Filter>
    </FxCompile>
    <FxCompile Include="greyscale_ps.hlsl">
      <Filter>Resource Files</Filter>
    </FxCompile>
    <FxCompile Include="compslider_vs.hlsl">
      <Filter>Resource Files</Filter>
    </FxCompile>
    <FxCompile Include="compslider_ps.hlsl">
      <Filter>Resource Files</Filter>
    </FxCompile>
    <FxCompile Include="movement_vs.hlsl">
      <Filter>Resource Files</Filter>
    </FxCompile>
    <FxCompile Include="movement_ps.hlsl">
      <Filter>Resource Files</Filter>
    </FxCompile>
    <FxCompile Include="structureTensor_vs.hlsl">
      <Filter>Resource Files</Filter>
    </FxCompile>
    <FxCompile Include="structureTensor_ps.hlsl">
      <Filter>Resource Files</Filter>
    </FxCompile>
    <FxCompile Include="skybox_ps.hlsl">
      <Filter>Resource Files</Filter>
    </FxCompile>
    <FxCompile Include="skybox_vs.hlsl">
      <Filter>Resource Files</Filter>
    </FxCompile>
    <FxCompile Include="ocean_vs.hlsl">
      <Filter>Resource Files</Filter>
    </FxCompile>
    <FxCompile Include="ocean_ps.hlsl">
      <Filter>Resource Files</Filter>
    </FxCompile>
    <FxCompile Include="horizontalblur_ps.hlsl">
      <Filter>Resource Files</Filter>
    </FxCompile>
    <FxCompile Include="horizontalblur_vs.hlsl">
      <Filter>Resource Files</Filter>
    </FxCompile>
    <FxCompile Include="verticalblur_vs.hlsl">
      <Filter>Resource Files</Filter>
    </FxCompile>
    <FxCompile Include="verticalblur_ps.hlsl">
      <Filter>Resource Files</Filter>
    </FxCompile>
    <FxCompile Include="bilateralfilter_vs.hlsl">
      <Filter>Resource Files</Filter>
    </FxCompile>
    <FxCompile Include="bilateralfilter_ps.hlsl">
      <Filter>Resource Files</Filter>
    </FxCompile>
    <FxCompile Include="dogfiltering_vs.hlsl">
      <Filter>Resource Files</Filter>
    </FxCompile>
    <FxCompile Include="dogfiltering_ps.hlsl">
      <Filter>Resource Files</Filter>
    </FxCompile>
    <FxCompile Include="flowcurve_vs.hlsl">
      <Filter>Resource Files</Filter>
    </FxCompile>
    <FxCompile Include="flowcurve_ps.hlsl">
      <Filter>Resource Files</Filter>
    </FxCompile>
    <FxCompile Include="dogflow_ps.hlsl">
      <Filter>Resource Files</Filter>
    </FxCompile>
    <FxCompile Include="dogflow_vs.hlsl">
      <Filter>Resource Files</Filter>
    </FxCompile>
    <FxCompile Include="colour_quantization_ps.hlsl">
      <Filter>Resource Files</Filter>
    </FxCompile>
    <FxCompile Include="colour_quantization_vs.hlsl">
      <Filter>Resource Files</Filter>
    </FxCompile>
    <FxCompile Include="cartoon_rendering_ps.hlsl">
      <Filter>Resource Files</Filter>
    </FxCompile>
    <FxCompile Include="cartoon_rendering_vs.hlsl">
      <Filter>Resource Files</Filter>
    </FxCompile>
    <FxCompile Include="paper_ps.hlsl">
      <Filter>Resource Files</Filter>
    </FxCompile>
    <FxCompile Include="paper_vs.hlsl">
      <Filter>Resource Files</Filter>
    </FxCompile>
    <FxCompile Include="depth_ps.hlsl">
      <Filter>Resource Files</Filter>
    </FxCompile>
    <FxCompile Include="depth_vs.hlsl">
      <Filter>Resource Files</Filter>
    </FxCompile>
  </ItemGroup>
</Project>